
Microsoft Visual Studio Solution File, Format Version 12.00
# Visual Studio Version 17
VisualStudioVersion = 17.11.35312.102
MinimumVisualStudioVersion = 10.0.40219.1
Project("{2150E333-8FDC-42A3-9474-1A3956D46DE8}") = "Task0", "Task0", "{BB7EFB1F-7458-439C-ADAD-5FDACFC772C2}"
EndProject
Project("{FAE04EC0-301F-11D3-BF4B-00C04F79EFBC}") = "Tyuiu.ShmelevAV.Sprint3.Task0.V25", "Tyuiu.ShmelevAV.Sprint3.Task0.V25\Tyuiu.ShmelevAV.Sprint3.Task0.V25.csproj", "{DDC41413-A288-4851-8DD3-ABB59A2BC52A}"
EndProject
Project("{FAE04EC0-301F-11D3-BF4B-00C04F79EFBC}") = "Tyuiu.ShmelevAV.Sprint3.Task0.V25.Lib", "Tyuiu.ShmelevAV.Sprint3.Task0.V25.Lib\Tyuiu.ShmelevAV.Sprint3.Task0.V25.Lib.csproj", "{0A3DF8E1-8490-4942-841E-58B18080FC6E}"
EndProject
Project("{FAE04EC0-301F-11D3-BF4B-00C04F79EFBC}") = "Tyuiu.ShmelevAV.Sprint3.Task0.V25.Test", "Tyuiu.ShmelevAV.Sprint3.Task0.V25.Test\Tyuiu.ShmelevAV.Sprint3.Task0.V25.Test.csproj", "{06B19685-C47C-4D28-BA70-374E0491199C}"
EndProject
Project("{2150E333-8FDC-42A3-9474-1A3956D46DE8}") = "Task1", "Task1", "{47127008-5B53-4035-8C61-F03AA73E6B1A}"
EndProject
Project("{FAE04EC0-301F-11D3-BF4B-00C04F79EFBC}") = "Tyuiu.ShmelevAV.Sprint3.Task1.V8", "Tyuiu.ShmelevAV.Sprint3.Task1.V8\Tyuiu.ShmelevAV.Sprint3.Task1.V8.csproj", "{B4B569B6-A163-4364-A968-D0BE7C953652}"
EndProject
Project("{FAE04EC0-301F-11D3-BF4B-00C04F79EFBC}") = "Tyuiu.ShmelevAV.Sprint3.Task1.V8.Lib", "Tyuiu.ShmelevAV.Sprint3.Task1.V8.Lib\Tyuiu.ShmelevAV.Sprint3.Task1.V8.Lib.csproj", "{2C080EFD-717A-41C9-8458-409A56429499}"
EndProject
Project("{FAE04EC0-301F-11D3-BF4B-00C04F79EFBC}") = "Tyuiu.ShmelevAV.Sprint3.Task1.V8.Test", "Tyuiu.ShmelevAV.Sprint3.Task1.V8.Test\Tyuiu.ShmelevAV.Sprint3.Task1.V8.Test.csproj", "{23B1F9D9-580B-4429-A75A-5C9565F16A7F}"
EndProject
Global
	GlobalSection(SolutionConfigurationPlatforms) = preSolution
		Debug|Any CPU = Debug|Any CPU
		Release|Any CPU = Release|Any CPU
	EndGlobalSection
	GlobalSection(ProjectConfigurationPlatforms) = postSolution
		{DDC41413-A288-4851-8DD3-ABB59A2BC52A}.Debug|Any CPU.ActiveCfg = Debug|Any CPU
		{DDC41413-A288-4851-8DD3-ABB59A2BC52A}.Debug|Any CPU.Build.0 = Debug|Any CPU
		{DDC41413-A288-4851-8DD3-ABB59A2BC52A}.Release|Any CPU.ActiveCfg = Release|Any CPU
		{DDC41413-A288-4851-8DD3-ABB59A2BC52A}.Release|Any CPU.Build.0 = Release|Any CPU
		{0A3DF8E1-8490-4942-841E-58B18080FC6E}.Debug|Any CPU.ActiveCfg = Debug|Any CPU
		{0A3DF8E1-8490-4942-841E-58B18080FC6E}.Debug|Any CPU.Build.0 = Debug|Any CPU
		{0A3DF8E1-8490-4942-841E-58B18080FC6E}.Release|Any CPU.ActiveCfg = Release|Any CPU
		{0A3DF8E1-8490-4942-841E-58B18080FC6E}.Release|Any CPU.Build.0 = Release|Any CPU
		{06B19685-C47C-4D28-BA70-374E0491199C}.Debug|Any CPU.ActiveCfg = Debug|Any CPU
		{06B19685-C47C-4D28-BA70-374E0491199C}.Debug|Any CPU.Build.0 = Debug|Any CPU
		{06B19685-C47C-4D28-BA70-374E0491199C}.Release|Any CPU.ActiveCfg = Release|Any CPU
		{06B19685-C47C-4D28-BA70-374E0491199C}.Release|Any CPU.Build.0 = Release|Any CPU
		{B4B569B6-A163-4364-A968-D0BE7C953652}.Debug|Any CPU.ActiveCfg = Debug|Any CPU
		{B4B569B6-A163-4364-A968-D0BE7C953652}.Debug|Any CPU.Build.0 = Debug|Any CPU
		{B4B569B6-A163-4364-A968-D0BE7C953652}.Release|Any CPU.ActiveCfg = Release|Any CPU
		{B4B569B6-A163-4364-A968-D0BE7C953652}.Release|Any CPU.Build.0 = Release|Any CPU
		{2C080EFD-717A-41C9-8458-409A56429499}.Debug|Any CPU.ActiveCfg = Debug|Any CPU
		{2C080EFD-717A-41C9-8458-409A56429499}.Debug|Any CPU.Build.0 = Debug|Any CPU
		{2C080EFD-717A-41C9-8458-409A56429499}.Release|Any CPU.ActiveCfg = Release|Any CPU
		{2C080EFD-717A-41C9-8458-409A56429499}.Release|Any CPU.Build.0 = Release|Any CPU
		{23B1F9D9-580B-4429-A75A-5C9565F16A7F}.Debug|Any CPU.ActiveCfg = Debug|Any CPU
		{23B1F9D9-580B-4429-A75A-5C9565F16A7F}.Debug|Any CPU.Build.0 = Debug|Any CPU
		{23B1F9D9-580B-4429-A75A-5C9565F16A7F}.Release|Any CPU.ActiveCfg = Release|Any CPU
		{23B1F9D9-580B-4429-A75A-5C9565F16A7F}.Release|Any CPU.Build.0 = Release|Any CPU
	EndGlobalSection
	GlobalSection(SolutionProperties) = preSolution
		HideSolutionNode = FALSE
	EndGlobalSection
	GlobalSection(NestedProjects) = preSolution
		{DDC41413-A288-4851-8DD3-ABB59A2BC52A} = {BB7EFB1F-7458-439C-ADAD-5FDACFC772C2}
		{0A3DF8E1-8490-4942-841E-58B18080FC6E} = {BB7EFB1F-7458-439C-ADAD-5FDACFC772C2}
		{06B19685-C47C-4D28-BA70-374E0491199C} = {BB7EFB1F-7458-439C-ADAD-5FDACFC772C2}
		{B4B569B6-A163-4364-A968-D0BE7C953652} = {47127008-5B53-4035-8C61-F03AA73E6B1A}
		{2C080EFD-717A-41C9-8458-409A56429499} = {47127008-5B53-4035-8C61-F03AA73E6B1A}
		{23B1F9D9-580B-4429-A75A-5C9565F16A7F} = {47127008-5B53-4035-8C61-F03AA73E6B1A}
	EndGlobalSection
	GlobalSection(ExtensibilityGlobals) = postSolution
		SolutionGuid = {F8258EC3-D891-40D4-8567-5405FFC19EBF}
	EndGlobalSection
EndGlobal
