
Microsoft Visual Studio Solution File, Format Version 12.00
# Visual Studio Version 17
VisualStudioVersion = 17.11.35312.102
MinimumVisualStudioVersion = 10.0.40219.1
Project("{2150E333-8FDC-42A3-9474-1A3956D46DE8}") = "Task0", "Task0", "{BB7EFB1F-7458-439C-ADAD-5FDACFC772C2}"
EndProject
Project("{FAE04EC0-301F-11D3-BF4B-00C04F79EFBC}") = "Tyuiu.ShmelevAV.Sprint3.Task0.V25", "Tyuiu.ShmelevAV.Sprint3.Task0.V25\Tyuiu.ShmelevAV.Sprint3.Task0.V25.csproj", "{DDC41413-A288-4851-8DD3-ABB59A2BC52A}"
EndProject
Project("{FAE04EC0-301F-11D3-BF4B-00C04F79EFBC}") = "Tyuiu.ShmelevAV.Sprint3.Task0.V25.Lib", "Tyuiu.ShmelevAV.Sprint3.Task0.V25.Lib\Tyuiu.ShmelevAV.Sprint3.Task0.V25.Lib.csproj", "{0A3DF8E1-8490-4942-841E-58B18080FC6E}"
EndProject
Project("{FAE04EC0-301F-11D3-BF4B-00C04F79EFBC}") = "Tyuiu.ShmelevAV.Sprint3.Task0.V25.Test", "Tyuiu.ShmelevAV.Sprint3.Task0.V25.Test\Tyuiu.ShmelevAV.Sprint3.Task0.V25.Test.csproj", "{06B19685-C47C-4D28-BA70-374E0491199C}"
EndProject
Project("{2150E333-8FDC-42A3-9474-1A3956D46DE8}") = "Task1", "Task1", "{47127008-5B53-4035-8C61-F03AA73E6B1A}"
EndProject
Project("{FAE04EC0-301F-11D3-BF4B-00C04F79EFBC}") = "Tyuiu.ShmelevAV.Sprint3.Task1.V8", "Tyuiu.ShmelevAV.Sprint3.Task1.V8\Tyuiu.ShmelevAV.Sprint3.Task1.V8.csproj", "{B4B569B6-A163-4364-A968-D0BE7C953652}"
EndProject
Project("{FAE04EC0-301F-11D3-BF4B-00C04F79EFBC}") = "Tyuiu.ShmelevAV.Sprint3.Task1.V8.Lib", "Tyuiu.ShmelevAV.Sprint3.Task1.V8.Lib\Tyuiu.ShmelevAV.Sprint3.Task1.V8.Lib.csproj", "{2C080EFD-717A-41C9-8458-409A56429499}"
EndProject
Project("{FAE04EC0-301F-11D3-BF4B-00C04F79EFBC}") = "Tyuiu.ShmelevAV.Sprint3.Task1.V8.Test", "Tyuiu.ShmelevAV.Sprint3.Task1.V8.Test\Tyuiu.ShmelevAV.Sprint3.Task1.V8.Test.csproj", "{23B1F9D9-580B-4429-A75A-5C9565F16A7F}"
EndProject
Project("{2150E333-8FDC-42A3-9474-1A3956D46DE8}") = "Task2", "Task2", "{A30958FF-F175-449C-9C5B-AC68938DD443}"
EndProject
Project("{FAE04EC0-301F-11D3-BF4B-00C04F79EFBC}") = "Tyuiu.ShmelevAV.Sprint3.Task2.V1", "Tyuiu.ShmelevAV.Sprint3.Task2.V1\Tyuiu.ShmelevAV.Sprint3.Task2.V1.csproj", "{6A17A2CA-2037-4F18-A926-8356D685A49C}"
EndProject
Project("{FAE04EC0-301F-11D3-BF4B-00C04F79EFBC}") = "Tyuiu.ShmelevAV.Sprint3.Task2.V1.Lib", "Tyuiu.ShmelevAV.Sprint3.Task2.V1.Lib\Tyuiu.ShmelevAV.Sprint3.Task2.V1.Lib.csproj", "{CBD93AC2-6716-4FAA-9C4D-4E20886207EF}"
EndProject
Project("{FAE04EC0-301F-11D3-BF4B-00C04F79EFBC}") = "Tyuiu.ShmelevAV.Sprint3.Task2.V1.Test", "Tyuiu.ShmelevAV.Sprint3.Task2.V1.Test\Tyuiu.ShmelevAV.Sprint3.Task2.V1.Test.csproj", "{2C843220-1728-4A9C-91BD-6C5CC910F39D}"
EndProject
Project("{2150E333-8FDC-42A3-9474-1A3956D46DE8}") = "Task3", "Task3", "{2E89F682-B176-43D3-86C1-FAAF2CCB5897}"
EndProject
Project("{FAE04EC0-301F-11D3-BF4B-00C04F79EFBC}") = "Tyuiu.ShmelevAV.Sprint3.Task3.V3", "Tyuiu.ShmelevAV.Sprint3.Task3.V3\Tyuiu.ShmelevAV.Sprint3.Task3.V3.csproj", "{EBD9ABF1-7A4B-4C1A-9C7B-ECD2419A6912}"
EndProject
Project("{FAE04EC0-301F-11D3-BF4B-00C04F79EFBC}") = "Tyuiu.ShmelevAV.Sprint3.Task3.V3.Lib", "Tyuiu.ShmelevAV.Sprint3.Task3.V3.Lib\Tyuiu.ShmelevAV.Sprint3.Task3.V3.Lib.csproj", "{2278FB8C-FCF3-4C14-9383-C8D19F1BE075}"
EndProject
Project("{FAE04EC0-301F-11D3-BF4B-00C04F79EFBC}") = "Tyuiu.ShmelevAV.Sprint3.Task3.V3.Test", "Tyuiu.ShmelevAV.Sprint3.Task3.V3.Test\Tyuiu.ShmelevAV.Sprint3.Task3.V3.Test.csproj", "{84B5491F-CA59-4D6C-9D22-C15351026247}"
EndProject
Project("{2150E333-8FDC-42A3-9474-1A3956D46DE8}") = "Task4", "Task4", "{905076F3-E360-45BD-B064-4BC180FB232A}"
EndProject
Project("{FAE04EC0-301F-11D3-BF4B-00C04F79EFBC}") = "Tyuiu.ShmelevAV.Sprint3.Task4.V9", "Tyuiu.ShmelevAV.Sprint3.Task4.V9\Tyuiu.ShmelevAV.Sprint3.Task4.V9.csproj", "{92594147-F860-4541-9EA4-6B0E6F385ABF}"
EndProject
Project("{FAE04EC0-301F-11D3-BF4B-00C04F79EFBC}") = "Tyuiu.ShmelevAV.Sprint3.Task4.V9.Lib", "Tyuiu.ShmelevAV.Sprint3.Task4.V9.Lib\Tyuiu.ShmelevAV.Sprint3.Task4.V9.Lib.csproj", "{63FB1320-761B-4991-8C92-5B11E836FD01}"
EndProject
Project("{FAE04EC0-301F-11D3-BF4B-00C04F79EFBC}") = "Tyuiu.ShmelevAV.Sprint3.Task4.V9.Test", "Tyuiu.ShmelevAV.Sprint3.Task4.V9.Test\Tyuiu.ShmelevAV.Sprint3.Task4.V9.Test.csproj", "{2F1BAFF8-63E3-47AF-BD92-8000986FA8F8}"
EndProject
Global
	GlobalSection(SolutionConfigurationPlatforms) = preSolution
		Debug|Any CPU = Debug|Any CPU
		Release|Any CPU = Release|Any CPU
	EndGlobalSection
	GlobalSection(ProjectConfigurationPlatforms) = postSolution
		{DDC41413-A288-4851-8DD3-ABB59A2BC52A}.Debug|Any CPU.ActiveCfg = Debug|Any CPU
		{DDC41413-A288-4851-8DD3-ABB59A2BC52A}.Debug|Any CPU.Build.0 = Debug|Any CPU
		{DDC41413-A288-4851-8DD3-ABB59A2BC52A}.Release|Any CPU.ActiveCfg = Release|Any CPU
		{DDC41413-A288-4851-8DD3-ABB59A2BC52A}.Release|Any CPU.Build.0 = Release|Any CPU
		{0A3DF8E1-8490-4942-841E-58B18080FC6E}.Debug|Any CPU.ActiveCfg = Debug|Any CPU
		{0A3DF8E1-8490-4942-841E-58B18080FC6E}.Debug|Any CPU.Build.0 = Debug|Any CPU
		{0A3DF8E1-8490-4942-841E-58B18080FC6E}.Release|Any CPU.ActiveCfg = Release|Any CPU
		{0A3DF8E1-8490-4942-841E-58B18080FC6E}.Release|Any CPU.Build.0 = Release|Any CPU
		{06B19685-C47C-4D28-BA70-374E0491199C}.Debug|Any CPU.ActiveCfg = Debug|Any CPU
		{06B19685-C47C-4D28-BA70-374E0491199C}.Debug|Any CPU.Build.0 = Debug|Any CPU
		{06B19685-C47C-4D28-BA70-374E0491199C}.Release|Any CPU.ActiveCfg = Release|Any CPU
		{06B19685-C47C-4D28-BA70-374E0491199C}.Release|Any CPU.Build.0 = Release|Any CPU
		{B4B569B6-A163-4364-A968-D0BE7C953652}.Debug|Any CPU.ActiveCfg = Debug|Any CPU
		{B4B569B6-A163-4364-A968-D0BE7C953652}.Debug|Any CPU.Build.0 = Debug|Any CPU
		{B4B569B6-A163-4364-A968-D0BE7C953652}.Release|Any CPU.ActiveCfg = Release|Any CPU
		{B4B569B6-A163-4364-A968-D0BE7C953652}.Release|Any CPU.Build.0 = Release|Any CPU
		{2C080EFD-717A-41C9-8458-409A56429499}.Debug|Any CPU.ActiveCfg = Debug|Any CPU
		{2C080EFD-717A-41C9-8458-409A56429499}.Debug|Any CPU.Build.0 = Debug|Any CPU
		{2C080EFD-717A-41C9-8458-409A56429499}.Release|Any CPU.ActiveCfg = Release|Any CPU
		{2C080EFD-717A-41C9-8458-409A56429499}.Release|Any CPU.Build.0 = Release|Any CPU
		{23B1F9D9-580B-4429-A75A-5C9565F16A7F}.Debug|Any CPU.ActiveCfg = Debug|Any CPU
		{23B1F9D9-580B-4429-A75A-5C9565F16A7F}.Debug|Any CPU.Build.0 = Debug|Any CPU
		{23B1F9D9-580B-4429-A75A-5C9565F16A7F}.Release|Any CPU.ActiveCfg = Release|Any CPU
		{23B1F9D9-580B-4429-A75A-5C9565F16A7F}.Release|Any CPU.Build.0 = Release|Any CPU
		{6A17A2CA-2037-4F18-A926-8356D685A49C}.Debug|Any CPU.ActiveCfg = Debug|Any CPU
		{6A17A2CA-2037-4F18-A926-8356D685A49C}.Debug|Any CPU.Build.0 = Debug|Any CPU
		{6A17A2CA-2037-4F18-A926-8356D685A49C}.Release|Any CPU.ActiveCfg = Release|Any CPU
		{6A17A2CA-2037-4F18-A926-8356D685A49C}.Release|Any CPU.Build.0 = Release|Any CPU
		{CBD93AC2-6716-4FAA-9C4D-4E20886207EF}.Debug|Any CPU.ActiveCfg = Debug|Any CPU
		{CBD93AC2-6716-4FAA-9C4D-4E20886207EF}.Debug|Any CPU.Build.0 = Debug|Any CPU
		{CBD93AC2-6716-4FAA-9C4D-4E20886207EF}.Release|Any CPU.ActiveCfg = Release|Any CPU
		{CBD93AC2-6716-4FAA-9C4D-4E20886207EF}.Release|Any CPU.Build.0 = Release|Any CPU
		{2C843220-1728-4A9C-91BD-6C5CC910F39D}.Debug|Any CPU.ActiveCfg = Debug|Any CPU
		{2C843220-1728-4A9C-91BD-6C5CC910F39D}.Debug|Any CPU.Build.0 = Debug|Any CPU
		{2C843220-1728-4A9C-91BD-6C5CC910F39D}.Release|Any CPU.ActiveCfg = Release|Any CPU
		{2C843220-1728-4A9C-91BD-6C5CC910F39D}.Release|Any CPU.Build.0 = Release|Any CPU
		{EBD9ABF1-7A4B-4C1A-9C7B-ECD2419A6912}.Debug|Any CPU.ActiveCfg = Debug|Any CPU
		{EBD9ABF1-7A4B-4C1A-9C7B-ECD2419A6912}.Debug|Any CPU.Build.0 = Debug|Any CPU
		{EBD9ABF1-7A4B-4C1A-9C7B-ECD2419A6912}.Release|Any CPU.ActiveCfg = Release|Any CPU
		{EBD9ABF1-7A4B-4C1A-9C7B-ECD2419A6912}.Release|Any CPU.Build.0 = Release|Any CPU
		{2278FB8C-FCF3-4C14-9383-C8D19F1BE075}.Debug|Any CPU.ActiveCfg = Debug|Any CPU
		{2278FB8C-FCF3-4C14-9383-C8D19F1BE075}.Debug|Any CPU.Build.0 = Debug|Any CPU
		{2278FB8C-FCF3-4C14-9383-C8D19F1BE075}.Release|Any CPU.ActiveCfg = Release|Any CPU
		{2278FB8C-FCF3-4C14-9383-C8D19F1BE075}.Release|Any CPU.Build.0 = Release|Any CPU
		{84B5491F-CA59-4D6C-9D22-C15351026247}.Debug|Any CPU.ActiveCfg = Debug|Any CPU
		{84B5491F-CA59-4D6C-9D22-C15351026247}.Debug|Any CPU.Build.0 = Debug|Any CPU
		{84B5491F-CA59-4D6C-9D22-C15351026247}.Release|Any CPU.ActiveCfg = Release|Any CPU
		{84B5491F-CA59-4D6C-9D22-C15351026247}.Release|Any CPU.Build.0 = Release|Any CPU
		{92594147-F860-4541-9EA4-6B0E6F385ABF}.Debug|Any CPU.ActiveCfg = Debug|Any CPU
		{92594147-F860-4541-9EA4-6B0E6F385ABF}.Debug|Any CPU.Build.0 = Debug|Any CPU
		{92594147-F860-4541-9EA4-6B0E6F385ABF}.Release|Any CPU.ActiveCfg = Release|Any CPU
		{92594147-F860-4541-9EA4-6B0E6F385ABF}.Release|Any CPU.Build.0 = Release|Any CPU
		{63FB1320-761B-4991-8C92-5B11E836FD01}.Debug|Any CPU.ActiveCfg = Debug|Any CPU
		{63FB1320-761B-4991-8C92-5B11E836FD01}.Debug|Any CPU.Build.0 = Debug|Any CPU
		{63FB1320-761B-4991-8C92-5B11E836FD01}.Release|Any CPU.ActiveCfg = Release|Any CPU
		{63FB1320-761B-4991-8C92-5B11E836FD01}.Release|Any CPU.Build.0 = Release|Any CPU
		{2F1BAFF8-63E3-47AF-BD92-8000986FA8F8}.Debug|Any CPU.ActiveCfg = Debug|Any CPU
		{2F1BAFF8-63E3-47AF-BD92-8000986FA8F8}.Debug|Any CPU.Build.0 = Debug|Any CPU
		{2F1BAFF8-63E3-47AF-BD92-8000986FA8F8}.Release|Any CPU.ActiveCfg = Release|Any CPU
		{2F1BAFF8-63E3-47AF-BD92-8000986FA8F8}.Release|Any CPU.Build.0 = Release|Any CPU
	EndGlobalSection
	GlobalSection(SolutionProperties) = preSolution
		HideSolutionNode = FALSE
	EndGlobalSection
	GlobalSection(NestedProjects) = preSolution
		{DDC41413-A288-4851-8DD3-ABB59A2BC52A} = {BB7EFB1F-7458-439C-ADAD-5FDACFC772C2}
		{0A3DF8E1-8490-4942-841E-58B18080FC6E} = {BB7EFB1F-7458-439C-ADAD-5FDACFC772C2}
		{06B19685-C47C-4D28-BA70-374E0491199C} = {BB7EFB1F-7458-439C-ADAD-5FDACFC772C2}
		{B4B569B6-A163-4364-A968-D0BE7C953652} = {47127008-5B53-4035-8C61-F03AA73E6B1A}
		{2C080EFD-717A-41C9-8458-409A56429499} = {47127008-5B53-4035-8C61-F03AA73E6B1A}
		{23B1F9D9-580B-4429-A75A-5C9565F16A7F} = {47127008-5B53-4035-8C61-F03AA73E6B1A}
		{6A17A2CA-2037-4F18-A926-8356D685A49C} = {A30958FF-F175-449C-9C5B-AC68938DD443}
		{CBD93AC2-6716-4FAA-9C4D-4E20886207EF} = {A30958FF-F175-449C-9C5B-AC68938DD443}
		{2C843220-1728-4A9C-91BD-6C5CC910F39D} = {A30958FF-F175-449C-9C5B-AC68938DD443}
		{EBD9ABF1-7A4B-4C1A-9C7B-ECD2419A6912} = {2E89F682-B176-43D3-86C1-FAAF2CCB5897}
		{2278FB8C-FCF3-4C14-9383-C8D19F1BE075} = {2E89F682-B176-43D3-86C1-FAAF2CCB5897}
		{84B5491F-CA59-4D6C-9D22-C15351026247} = {2E89F682-B176-43D3-86C1-FAAF2CCB5897}
		{92594147-F860-4541-9EA4-6B0E6F385ABF} = {905076F3-E360-45BD-B064-4BC180FB232A}
		{63FB1320-761B-4991-8C92-5B11E836FD01} = {905076F3-E360-45BD-B064-4BC180FB232A}
		{2F1BAFF8-63E3-47AF-BD92-8000986FA8F8} = {905076F3-E360-45BD-B064-4BC180FB232A}
	EndGlobalSection
	GlobalSection(ExtensibilityGlobals) = postSolution
		SolutionGuid = {F8258EC3-D891-40D4-8567-5405FFC19EBF}
	EndGlobalSection
EndGlobal
